Microsoft Visual Studio Solution File, Format Version 12.00
# Visual Studio 2013
VisualStudioVersion = 12.0.31101.0
MinimumVisualStudioVersion = 10.0.40219.1
Project("{FAE04EC0-301F-11D3-BF4B-00C04F79EFBC}") = "cryptoportable", "cryptoportable\cryptoportable.csproj", "{D69A4F7E-D0C2-45BF-9E89-490467F8A6B3}"
EndProject
Project("{FAE04EC0-301F-11D3-BF4B-00C04F79EFBC}") = "cryptoportable-testios", "cryptoportable-testios\cryptoportable-testios.csproj", "{1B9698A3-8F87-4D65-8718-1303D3583DB9}"
EndProject
Global
	GlobalSection(SolutionConfigurationPlatforms) = preSolution
		Ad-Hoc|Any CPU = Ad-Hoc|Any CPU
		Ad-Hoc|ARM = Ad-Hoc|ARM
		Ad-Hoc|iPhone = Ad-Hoc|iPhone
		Ad-Hoc|iPhoneSimulator = Ad-Hoc|iPhoneSimulator
		Ad-Hoc|Mixed Platforms = Ad-Hoc|Mixed Platforms
		Ad-Hoc|x86 = Ad-Hoc|x86
		AppStore|Any CPU = AppStore|Any CPU
		AppStore|ARM = AppStore|ARM
		AppStore|iPhone = AppStore|iPhone
		AppStore|iPhoneSimulator = AppStore|iPhoneSimulator
		AppStore|Mixed Platforms = AppStore|Mixed Platforms
		AppStore|x86 = AppStore|x86
		Debug|Any CPU = Debug|Any CPU
		Debug|ARM = Debug|ARM
		Debug|iPhone = Debug|iPhone
		Debug|iPhoneSimulator = Debug|iPhoneSimulator
		Debug|Mixed Platforms = Debug|Mixed Platforms
		Debug|x86 = Debug|x86
		Release|Any CPU = Release|Any CPU
		Release|ARM = Release|ARM
		Release|iPhone = Release|iPhone
		Release|iPhoneSimulator = Release|iPhoneSimulator
		Release|Mixed Platforms = Release|Mixed Platforms
		Release|x86 = Release|x86
	EndGlobalSection
	GlobalSection(ProjectConfigurationPlatforms) = postSolution
		{D69A4F7E-D0C2-45BF-9E89-490467F8A6B3}.Ad-Hoc|Any CPU.ActiveCfg = Release|Any CPU
		{D69A4F7E-D0C2-45BF-9E89-490467F8A6B3}.Ad-Hoc|Any CPU.Build.0 = Release|Any CPU
		{D69A4F7E-D0C2-45BF-9E89-490467F8A6B3}.Ad-Hoc|ARM.ActiveCfg = Debug|Any CPU
		{D69A4F7E-D0C2-45BF-9E89-490467F8A6B3}.Ad-Hoc|iPhone.ActiveCfg = Release|Any CPU
		{D69A4F7E-D0C2-45BF-9E89-490467F8A6B3}.Ad-Hoc|iPhoneSimulator.ActiveCfg = Release|Any CPU
		{D69A4F7E-D0C2-45BF-9E89-490467F8A6B3}.Ad-Hoc|Mixed Platforms.ActiveCfg = Release|Any CPU
		{D69A4F7E-D0C2-45BF-9E89-490467F8A6B3}.Ad-Hoc|Mixed Platforms.Build.0 = Release|Any CPU
		{D69A4F7E-D0C2-45BF-9E89-490467F8A6B3}.Ad-Hoc|x86.ActiveCfg = Debug|Any CPU
		{D69A4F7E-D0C2-45BF-9E89-490467F8A6B3}.AppStore|Any CPU.ActiveCfg = Release|Any CPU
		{D69A4F7E-D0C2-45BF-9E89-490467F8A6B3}.AppStore|Any CPU.Build.0 = Release|Any CPU
		{D69A4F7E-D0C2-45BF-9E89-490467F8A6B3}.AppStore|ARM.ActiveCfg = Debug|Any CPU
		{D69A4F7E-D0C2-45BF-9E89-490467F8A6B3}.AppStore|iPhone.ActiveCfg = Release|Any CPU
		{D69A4F7E-D0C2-45BF-9E89-490467F8A6B3}.AppStore|iPhoneSimulator.ActiveCfg = Release|Any CPU
		{D69A4F7E-D0C2-45BF-9E89-490467F8A6B3}.AppStore|Mixed Platforms.ActiveCfg = Release|Any CPU
		{D69A4F7E-D0C2-45BF-9E89-490467F8A6B3}.AppStore|Mixed Platforms.Build.0 = Release|Any CPU
		{D69A4F7E-D0C2-45BF-9E89-490467F8A6B3}.AppStore|x86.ActiveCfg = Debug|Any CPU
		{D69A4F7E-D0C2-45BF-9E89-490467F8A6B3}.Debug|Any CPU.ActiveCfg = Debug|Any CPU
		{D69A4F7E-D0C2-45BF-9E89-490467F8A6B3}.Debug|Any CPU.Build.0 = Debug|Any CPU
		{D69A4F7E-D0C2-45BF-9E89-490467F8A6B3}.Debug|ARM.ActiveCfg = Debug|Any CPU
		{D69A4F7E-D0C2-45BF-9E89-490467F8A6B3}.Debug|iPhone.ActiveCfg = Debug|Any CPU
		{D69A4F7E-D0C2-45BF-9E89-490467F8A6B3}.Debug|iPhoneSimulator.ActiveCfg = Debug|Any CPU
		{D69A4F7E-D0C2-45BF-9E89-490467F8A6B3}.Debug|Mixed Platforms.ActiveCfg = Debug|Any CPU
		{D69A4F7E-D0C2-45BF-9E89-490467F8A6B3}.Debug|Mixed Platforms.Build.0 = Debug|Any CPU
		{D69A4F7E-D0C2-45BF-9E89-490467F8A6B3}.Debug|x86.ActiveCfg = Debug|Any CPU
		{D69A4F7E-D0C2-45BF-9E89-490467F8A6B3}.Release|Any CPU.ActiveCfg = Release|Any CPU
		{D69A4F7E-D0C2-45BF-9E89-490467F8A6B3}.Release|Any CPU.Build.0 = Release|Any CPU
		{D69A4F7E-D0C2-45BF-9E89-490467F8A6B3}.Release|ARM.ActiveCfg = Release|Any CPU
		{D69A4F7E-D0C2-45BF-9E89-490467F8A6B3}.Release|iPhone.ActiveCfg = Release|Any CPU
		{D69A4F7E-D0C2-45BF-9E89-490467F8A6B3}.Release|iPhoneSimulator.ActiveCfg = Release|Any CPU
		{D69A4F7E-D0C2-45BF-9E89-490467F8A6B3}.Release|Mixed Platforms.ActiveCfg = Release|Any CPU
		{D69A4F7E-D0C2-45BF-9E89-490467F8A6B3}.Release|Mixed Platforms.Build.0 = Release|Any CPU
		{D69A4F7E-D0C2-45BF-9E89-490467F8A6B3}.Release|x86.ActiveCfg = Release|Any CPU
		{1B9698A3-8F87-4D65-8718-1303D3583DB9}.Ad-Hoc|Any CPU.ActiveCfg = Ad-Hoc|iPhone
		{1B9698A3-8F87-4D65-8718-1303D3583DB9}.Ad-Hoc|ARM.ActiveCfg = Ad-Hoc|iPhoneSimulator
		{1B9698A3-8F87-4D65-8718-1303D3583DB9}.Ad-Hoc|iPhone.ActiveCfg = Ad-Hoc|iPhone
		{1B9698A3-8F87-4D65-8718-1303D3583DB9}.Ad-Hoc|iPhone.Build.0 = Ad-Hoc|iPhone
		{1B9698A3-8F87-4D65-8718-1303D3583DB9}.Ad-Hoc|iPhone.Deploy.0 = Ad-Hoc|iPhone
		{1B9698A3-8F87-4D65-8718-1303D3583DB9}.Ad-Hoc|iPhoneSimulator.ActiveCfg = Ad-Hoc|iPhoneSimulator
		{1B9698A3-8F87-4D65-8718-1303D3583DB9}.Ad-Hoc|iPhoneSimulator.Build.0 = Ad-Hoc|iPhoneSimulator
		{1B9698A3-8F87-4D65-8718-1303D3583DB9}.Ad-Hoc|iPhoneSimulator.Deploy.0 = Ad-Hoc|iPhoneSimulator
		{1B9698A3-8F87-4D65-8718-1303D3583DB9}.Ad-Hoc|Mixed Platforms.ActiveCfg = Ad-Hoc|iPhone
		{1B9698A3-8F87-4D65-8718-1303D3583DB9}.Ad-Hoc|Mixed Platforms.Build.0 = Ad-Hoc|iPhone
		{1B9698A3-8F87-4D65-8718-1303D3583DB9}.Ad-Hoc|Mixed Platforms.Deploy.0 = Ad-Hoc|iPhone
		{1B9698A3-8F87-4D65-8718-1303D3583DB9}.Ad-Hoc|x86.ActiveCfg = Ad-Hoc|iPhoneSimulator
		{1B9698A3-8F87-4D65-8718-1303D3583DB9}.AppStore|Any CPU.ActiveCfg = AppStore|iPhone
		{1B9698A3-8F87-4D65-8718-1303D3583DB9}.AppStore|ARM.ActiveCfg = AppStore|iPhoneSimulator
		{1B9698A3-8F87-4D65-8718-1303D3583DB9}.AppStore|iPhone.ActiveCfg = AppStore|iPhone
		{1B9698A3-8F87-4D65-8718-1303D3583DB9}.AppStore|iPhone.Build.0 = AppStore|iPhone
		{1B9698A3-8F87-4D65-8718-1303D3583DB9}.AppStore|iPhone.Deploy.0 = AppStore|iPhone
		{1B9698A3-8F87-4D65-8718-1303D3583DB9}.AppStore|iPhoneSimulator.ActiveCfg = AppStore|iPhoneSimulator
		{1B9698A3-8F87-4D65-8718-1303D3583DB9}.AppStore|iPhoneSimulator.Build.0 = AppStore|iPhoneSimulator
		{1B9698A3-8F87-4D65-8718-1303D3583DB9}.AppStore|iPhoneSimulator.Deploy.0 = AppStore|iPhoneSimulator
		{1B9698A3-8F87-4D65-8718-1303D3583DB9}.AppStore|Mixed Platforms.ActiveCfg = AppStore|iPhone
		{1B9698A3-8F87-4D65-8718-1303D3583DB9}.AppStore|Mixed Platforms.Build.0 = AppStore|iPhone
		{1B9698A3-8F87-4D65-8718-1303D3583DB9}.AppStore|Mixed Platforms.Deploy.0 = AppStore|iPhone
		{1B9698A3-8F87-4D65-8718-1303D3583DB9}.AppStore|x86.ActiveCfg = AppStore|iPhoneSimulator
		{1B9698A3-8F87-4D65-8718-1303D3583DB9}.Debug|Any CPU.ActiveCfg = Debug|iPhone
		{1B9698A3-8F87-4D65-8718-1303D3583DB9}.Debug|ARM.ActiveCfg = Debug|iPhoneSimulator
		{1B9698A3-8F87-4D65-8718-1303D3583DB9}.Debug|iPhone.ActiveCfg = Debug|iPhone
		{1B9698A3-8F87-4D65-8718-1303D3583DB9}.Debug|iPhone.Build.0 = Debug|iPhone
		{1B9698A3-8F87-4D65-8718-1303D3583DB9}.Debug|iPhone.Deploy.0 = Debug|iPhone
		{1B9698A3-8F87-4D65-8718-1303D3583DB9}.Debug|iPhoneSimulator.ActiveCfg = Debug|iPhoneSimulator
		{1B9698A3-8F87-4D65-8718-1303D3583DB9}.Debug|iPhoneSimulator.Build.0 = Debug|iPhoneSimulator
		{1B9698A3-8F87-4D65-8718-1303D3583DB9}.Debug|iPhoneSimulator.Deploy.0 = Debug|iPhoneSimulator
		{1B9698A3-8F87-4D65-8718-1303D3583DB9}.Debug|Mixed Platforms.ActiveCfg = Debug|iPhone
		{1B9698A3-8F87-4D65-8718-1303D3583DB9}.Debug|Mixed Platforms.Build.0 = Debug|iPhone
		{1B9698A3-8F87-4D65-8718-1303D3583DB9}.Debug|Mixed Platforms.Deploy.0 = Debug|iPhone
		{1B9698A3-8F87-4D65-8718-1303D3583DB9}.Debug|x86.ActiveCfg = Debug|iPhoneSimulator
		{1B9698A3-8F87-4D65-8718-1303D3583DB9}.Release|Any CPU.ActiveCfg = Release|iPhone
		{1B9698A3-8F87-4D65-8718-1303D3583DB9}.Release|ARM.ActiveCfg = Release|iPhoneSimulator
		{1B9698A3-8F87-4D65-8718-1303D3583DB9}.Release|iPhone.ActiveCfg = Release|iPhone
		{1B9698A3-8F87-4D65-8718-1303D3583DB9}.Release|iPhone.Build.0 = Release|iPhone
		{1B9698A3-8F87-4D65-8718-1303D3583DB9}.Release|iPhone.Deploy.0 = Release|iPhone
		{1B9698A3-8F87-4D65-8718-1303D3583DB9}.Release|iPhoneSimulator.ActiveCfg = Release|iPhoneSimulator
		{1B9698A3-8F87-4D65-8718-1303D3583DB9}.Release|iPhoneSimulator.Build.0 = Release|iPhoneSimulator
		{1B9698A3-8F87-4D65-8718-1303D3583DB9}.Release|iPhoneSimulator.Deploy.0 = Release|iPhoneSimulator
		{1B9698A3-8F87-4D65-8718-1303D3583DB9}.Release|Mixed Platforms.ActiveCfg = Release|iPhone
		{1B9698A3-8F87-4D65-8718-1303D3583DB9}.Release|Mixed Platforms.Build.0 = Release|iPhone
		{1B9698A3-8F87-4D65-8718-1303D3583DB9}.Release|Mixed Platforms.Deploy.0 = Release|iPhone
		{1B9698A3-8F87-4D65-8718-1303D3583DB9}.Release|x86.ActiveCfg = Release|iPhoneSimulator
	EndGlobalSection
	GlobalSection(SolutionProperties) = preSolution
		HideSolutionNode = FALSE
	EndGlobalSection
EndGlobal
